
Microsoft Visual Studio Solution File, Format Version 12.00
# Visual Studio 2015
Project("{FAE04EC0-301F-11D3-BF4B-00C04F79EFBC}") = "RobotleyCrue.CSharp", "RobotleyCrue.CSharp.csproj", "{1A51AD95-8E41-4491-CBBF-DEE040D46BA0}"
EndProject
Global
	GlobalSection(SolutionConfigurationPlatforms) = preSolution
		Debug|Any CPU = Debug|Any CPU
		Release|Any CPU = Release|Any CPU
	EndGlobalSection
	GlobalSection(ProjectConfigurationPlatforms) = postSolution
		{1A51AD95-8E41-4491-CBBF-DEE040D46BA0}.Debug|Any CPU.ActiveCfg = Debug|Any CPU
		{1A51AD95-8E41-4491-CBBF-DEE040D46BA0}.Debug|Any CPU.Build.0 = Debug|Any CPU
		{1A51AD95-8E41-4491-CBBF-DEE040D46BA0}.Release|Any CPU.ActiveCfg = Release|Any CPU
		{1A51AD95-8E41-4491-CBBF-DEE040D46BA0}.Release|Any CPU.Build.0 = Release|Any CPU
	EndGlobalSection
	GlobalSection(SolutionProperties) = preSolution
		HideSolutionNode = FALSE
	EndGlobalSection
EndGlobal
